
Microsoft Visual Studio Solution File, Format Version 12.00
# Visual Studio 15
VisualStudioVersion = 15.0.28010.2026
MinimumVisualStudioVersion = 10.0.40219.1
Project("{8BC9CEB8-8B4A-11D0-8D11-00A0C91BC942}") = "ConsoleApplication9", "ConsoleApplication9\ConsoleApplication9.vcxproj", "{F11AF4E4-389F-401E-A491-B135E67C5645}"
EndProject
Global
	GlobalSection(SolutionConfigurationPlatforms) = preSolution
		Debug|x64 = Debug|x64
		Debug|x86 = Debug|x86
		Release|x64 = Release|x64
		Release|x86 = Release|x86
	EndGlobalSection
	GlobalSection(ProjectConfigurationPlatforms) = postSolution
		{F11AF4E4-389F-401E-A491-B135E67C5645}.Debug|x64.ActiveCfg = Debug|x64
		{F11AF4E4-389F-401E-A491-B135E67C5645}.Debug|x64.Build.0 = Debug|x64
		{F11AF4E4-389F-401E-A491-B135E67C5645}.Debug|x86.ActiveCfg = Debug|Win32
		{F11AF4E4-389F-401E-A491-B135E67C5645}.Debug|x86.Build.0 = Debug|Win32
		{F11AF4E4-389F-401E-A491-B135E67C5645}.Release|x64.ActiveCfg = Release|x64
		{F11AF4E4-389F-401E-A491-B135E67C5645}.Release|x64.Build.0 = Release|x64
		{F11AF4E4-389F-401E-A491-B135E67C5645}.Release|x86.ActiveCfg = Release|Win32
		{F11AF4E4-389F-401E-A491-B135E67C5645}.Release|x86.Build.0 = Release|Win32
	EndGlobalSection
	GlobalSection(SolutionProperties) = preSolution
		HideSolutionNode = FALSE
	EndGlobalSection
	GlobalSection(ExtensibilityGlobals) = postSolution
		SolutionGuid = {1DFC1657-D9D7-4489-B89C-8A1320DD3FBD}
	EndGlobalSection
EndGlobal
